
Microsoft Visual Studio Solution File, Format Version 12.00
# Visual Studio 15
VisualStudioVersion = 15.0.27004.2009
MinimumVisualStudioVersion = 10.0.40219.1
Project("{8BC9CEB8-8B4A-11D0-8D11-00A0C91BC942}") = "SphaeroSimDataExtractor", "SphaeroSimDataExtractor\SphaeroSimDataExtractor.vcxproj", "{E9B25175-C78D-483E-9439-E8F444279F4E}"
EndProject
Project("{2150E333-8FDC-42A3-9474-1A3956D46DE8}") = "Solution Items", "Solution Items", "{E38D6539-F5E9-4B55-952E-9FA8D70D73AB}"
	ProjectSection(SolutionItems) = preProject
		Graph1.dgml = Graph1.dgml
	EndProjectSection
EndProject
Global
	GlobalSection(SolutionConfigurationPlatforms) = preSolution
		Debug|x64 = Debug|x64
		Debug|x86 = Debug|x86
		Release|x64 = Release|x64
		Release|x86 = Release|x86
	EndGlobalSection
	GlobalSection(ProjectConfigurationPlatforms) = postSolution
		{E9B25175-C78D-483E-9439-E8F444279F4E}.Debug|x64.ActiveCfg = Release|x64
		{E9B25175-C78D-483E-9439-E8F444279F4E}.Debug|x64.Build.0 = Release|x64
		{E9B25175-C78D-483E-9439-E8F444279F4E}.Debug|x86.ActiveCfg = Debug|Win32
		{E9B25175-C78D-483E-9439-E8F444279F4E}.Debug|x86.Build.0 = Debug|Win32
		{E9B25175-C78D-483E-9439-E8F444279F4E}.Release|x64.ActiveCfg = Release|x64
		{E9B25175-C78D-483E-9439-E8F444279F4E}.Release|x64.Build.0 = Release|x64
		{E9B25175-C78D-483E-9439-E8F444279F4E}.Release|x86.ActiveCfg = Release|Win32
		{E9B25175-C78D-483E-9439-E8F444279F4E}.Release|x86.Build.0 = Release|Win32
	EndGlobalSection
	GlobalSection(SolutionProperties) = preSolution
		HideSolutionNode = FALSE
	EndGlobalSection
	GlobalSection(ExtensibilityGlobals) = postSolution
		SolutionGuid = {73E06202-E56C-435F-AED0-C020E0123FC5}
	EndGlobalSection
EndGlobal
